{
  "nodes": {
    "nixpkgs": {
      "locked": {
        "lastModified": 1638482949,
        "narHash": "sha256-OsOZJMMBatA3zoAV4eirVeQfGob9PjCcn3xLZOLy44w=",
        "owner": "dguibert",
        "repo": "nixpkgs",
        "rev": "48cf3f2ba01fb38dbfdefed45b3b585b2b884297",
        "type": "github"
      },
      "original": {
        "owner": "dguibert",
        "ref": "pu-nixpack",
        "repo": "nixpkgs",
        "type": "github"
      }
    },
    "root": {
      "inputs": {
        "nixpkgs": "nixpkgs",
        "spack": "spack"
      }
    },
    "spack": {
      "flake": false,
      "locked": {
        "lastModified": 1639087258,
        "narHash": "sha256-6oJnwZSlBww8vSu8iDL/6f65cAvoPKvDi5CqMfhGvO0=",
        "owner": "flatironinstitute",
        "repo": "spack",
        "rev": "efd6f56775d2895c222348825c23015e2acecac8",
        "type": "github"
      },
      "original": {
        "owner": "flatironinstitute",
        "ref": "fi-nixpack",
        "repo": "spack",
        "type": "github"
      }
    }
  },
  "root": "root",
  "version": 7
}
