{
  "nodes": {
    "nixpkgs": {
      "locked": {
        "lastModified": 1638482949,
        "narHash": "sha256-OsOZJMMBatA3zoAV4eirVeQfGob9PjCcn3xLZOLy44w=",
        "owner": "dguibert",
        "repo": "nixpkgs",
        "rev": "48cf3f2ba01fb38dbfdefed45b3b585b2b884297",
        "type": "github"
      },
      "original": {
        "owner": "dguibert",
        "ref": "pu-nixpack",
        "repo": "nixpkgs",
        "type": "github"
      }
    },
    "root": {
      "inputs": {
        "nixpkgs": "nixpkgs",
        "spack": "spack"
      }
    },
    "spack": {
      "flake": false,
      "locked": {
        "lastModified": 1639213113,
        "narHash": "sha256-9xiGuPAHiihJ6evukOKVv66KOBgfvEqZcfRiqVg1T30=",
        "ref": "develop",
        "rev": "e4606f5703fbb800bdfd7c458caffc6360332a81",
        "revCount": 22584,
        "type": "git",
        "url": "file:///home_nfs/bguibertd/software-cepp-spack/spack"
      },
      "original": {
        "type": "git",
        "url": "file:///home_nfs/bguibertd/software-cepp-spack/spack"
      }
    }
  },
  "root": "root",
  "version": 7
}
